// !$*UTF8*$!
{
	archiveVersion = 1;
	classes = {
	};
	objectVersion = 46;
	objects = {

/* Begin PBXBuildFile section */
		97781DA91DDE0CB40076B1D6 /* Manager.swift in Sources */ = {isa = PBXBuildFile; fileRef = 97781DA81DDE0CB40076B1D6 /* Manager.swift */; };
		97781DAA1DDE0CB40076B1D6 /* Manager.swift in Sources */ = {isa = PBXBuildFile; fileRef = 97781DA81DDE0CB40076B1D6 /* Manager.swift */; };
		97781DAC1DDE0D040076B1D6 /* accounts.json in Resources */ = {isa = PBXBuildFile; fileRef = 97781DAB1DDE0D040076B1D6 /* accounts.json */; };
		97781DAD1DDE0D040076B1D6 /* accounts.json in Resources */ = {isa = PBXBuildFile; fileRef = 97781DAB1DDE0D040076B1D6 /* accounts.json */; };
		97ECA3AE1DDDEB0300EF6D58 /* AppDelegate.swift in Sources */ = {isa = PBXBuildFile; fileRef = 97ECA3AD1DDDEB0300EF6D58 /* AppDelegate.swift */; };
		97ECA3B01DDDEB0300EF6D58 /* ViewController.swift in Sources */ = {isa = PBXBuildFile; fileRef = 97ECA3AF1DDDEB0300EF6D58 /* ViewController.swift */; };
		97ECA3B31DDDEB0300EF6D58 /* Main.storyboard in Resources */ = {isa = PBXBuildFile; fileRef = 97ECA3B11DDDEB0300EF6D58 /* Main.storyboard */; };
		97ECA3B51DDDEB0300EF6D58 /* Assets.xcassets in Resources */ = {isa = PBXBuildFile; fileRef = 97ECA3B41DDDEB0300EF6D58 /* Assets.xcassets */; };
		97ECA3B81DDDEB0300EF6D58 /* LaunchScreen.storyboard in Resources */ = {isa = PBXBuildFile; fileRef = 97ECA3B61DDDEB0300EF6D58 /* LaunchScreen.storyboard */; };
		97ECA3C31DDDEB0300EF6D58 /* TestesDemoTests.swift in Sources */ = {isa = PBXBuildFile; fileRef = 97ECA3C21DDDEB0300EF6D58 /* TestesDemoTests.swift */; };
		97ECA3CE1DDDEB0300EF6D58 /* TestesDemoUITests.swift in Sources */ = {isa = PBXBuildFile; fileRef = 97ECA3CD1DDDEB0300EF6D58 /* TestesDemoUITests.swift */; };
		97F06F871DDF18BC0013BE95 /* Account.swift in Sources */ = {isa = PBXBuildFile; fileRef = 97F06F861DDF18BC0013BE95 /* Account.swift */; };
		97F06F881DDF18BC0013BE95 /* Account.swift in Sources */ = {isa = PBXBuildFile; fileRef = 97F06F861DDF18BC0013BE95 /* Account.swift */; };
/* End PBXBuildFile section */

/* Begin PBXContainerItemProxy section */
		97ECA3BF1DDDEB0300EF6D58 /* PBXContainerItemProxy */ = {
			isa = PBXContainerItemProxy;
			containerPortal = 97ECA3A21DDDEB0300EF6D58 /* Project object */;
			proxyType = 1;
			remoteGlobalIDString = 97ECA3A91DDDEB0300EF6D58;
			remoteInfo = TestesDemo;
		};
		97ECA3CA1DDDEB0300EF6D58 /* PBXContainerItemProxy */ = {
			isa = PBXContainerItemProxy;
			containerPortal = 97ECA3A21DDDEB0300EF6D58 /* Project object */;
			proxyType = 1;
			remoteGlobalIDString = 97ECA3A91DDDEB0300EF6D58;
			remoteInfo = TestesDemo;
		};
/* End PBXContainerItemProxy section */

/* Begin PBXFileReference section */
		97781DA81DDE0CB40076B1D6 /* Manager.swift */ = {isa = PBXFileReference; fileEncoding = 4; lastKnownFileType = sourcecode.swift; path = Manager.swift; sourceTree = "<group>"; };
		97781DAB1DDE0D040076B1D6 /* accounts.json */ = {isa = PBXFileReference; fileEncoding = 4; lastKnownFileType = text.json; path = accounts.json; sourceTree = "<group>"; };
		97ECA3AA1DDDEB0300EF6D58 /* TestesDemo.app */ = {isa = PBXFileReference; explicitFileType = wrapper.application; includeInIndex = 0; path = TestesDemo.app; sourceTree = BUILT_PRODUCTS_DIR; };
		97ECA3AD1DDDEB0300EF6D58 /* AppDelegate.swift */ = {isa = PBXFileReference; lastKnownFileType = sourcecode.swift; path = AppDelegate.swift; sourceTree = "<group>"; };
		97ECA3AF1DDDEB0300EF6D58 /* ViewController.swift */ = {isa = PBXFileReference; lastKnownFileType = sourcecode.swift; path = ViewController.swift; sourceTree = "<group>"; };
		97ECA3B21DDDEB0300EF6D58 /* Base */ = {isa = PBXFileReference; lastKnownFileType = file.storyboard; name = Base; path = Base.lproj/Main.storyboard; sourceTree = "<group>"; };
		97ECA3B41DDDEB0300EF6D58 /* Assets.xcassets */ = {isa = PBXFileReference; lastKnownFileType = folder.assetcatalog; path = Assets.xcassets; sourceTree = "<group>"; };
		97ECA3B71DDDEB0300EF6D58 /* Base */ = {isa = PBXFileReference; lastKnownFileType = file.storyboard; name = Base; path = Base.lproj/LaunchScreen.storyboard; sourceTree = "<group>"; };
		97ECA3B91DDDEB0300EF6D58 /* Info.plist */ = {isa = PBXFileReference; lastKnownFileType = text.plist.xml; path = Info.plist; sourceTree = "<group>"; };
		97ECA3BE1DDDEB0300EF6D58 /* TestesDemoTests.xctest */ = {isa = PBXFileReference; explicitFileType = wrapper.cfbundle; includeInIndex = 0; path = TestesDemoTests.xctest; sourceTree = BUILT_PRODUCTS_DIR; };
		97ECA3C21DDDEB0300EF6D58 /* TestesDemoTests.swift */ = {isa = PBXFileReference; lastKnownFileType = sourcecode.swift; path = TestesDemoTests.swift; sourceTree = "<group>"; };
		97ECA3C41DDDEB0300EF6D58 /* Info.plist */ = {isa = PBXFileReference; lastKnownFileType = text.plist.xml; path = Info.plist; sourceTree = "<group>"; };
		97ECA3C91DDDEB0300EF6D58 /* TestesDemoUITests.xctest */ = {isa = PBXFileReference; explicitFileType = wrapper.cfbundle; includeInIndex = 0; path = TestesDemoUITests.xctest; sourceTree = BUILT_PRODUCTS_DIR; };
		97ECA3CD1DDDEB0300EF6D58 /* TestesDemoUITests.swift */ = {isa = PBXFileReference; lastKnownFileType = sourcecode.swift; path = TestesDemoUITests.swift; sourceTree = "<group>"; };
		97ECA3CF1DDDEB0300EF6D58 /* Info.plist */ = {isa = PBXFileReference; lastKnownFileType = text.plist.xml; path = Info.plist; sourceTree = "<group>"; };
		97F06F861DDF18BC0013BE95 /* Account.swift */ = {isa = PBXFileReference; fileEncoding = 4; lastKnownFileType = sourcecode.swift; path = Account.swift; sourceTree = "<group>"; };
/* End PBXFileReference section */

/* Begin PBXFrameworksBuildPhase section */
		97ECA3A71DDDEB0300EF6D58 /* Frameworks */ = {
			isa = PBXFrameworksBuildPhase;
			buildActionMask = 2147483647;
			files = (
			);
			runOnlyForDeploymentPostprocessing = 0;
		};
		97ECA3BB1DDDEB0300EF6D58 /* Frameworks */ = {
			isa = PBXFrameworksBuildPhase;
			buildActionMask = 2147483647;
			files = (
			);
			runOnlyForDeploymentPostprocessing = 0;
		};
		97ECA3C61DDDEB0300EF6D58 /* Frameworks */ = {
			isa = PBXFrameworksBuildPhase;
			buildActionMask = 2147483647;
			files = (
			);
			runOnlyForDeploymentPostprocessing = 0;
		};
/* End PBXFrameworksBuildPhase section */

/* Begin PBXGroup section */
		97ECA3A11DDDEB0300EF6D58 = {
			isa = PBXGroup;
			children = (
				97ECA3AC1DDDEB0300EF6D58 /* TestesDemo */,
				97ECA3C11DDDEB0300EF6D58 /* TestesDemoTests */,
				97ECA3CC1DDDEB0300EF6D58 /* TestesDemoUITests */,
				97ECA3AB1DDDEB0300EF6D58 /* Products */,
			);
			sourceTree = "<group>";
		};
		97ECA3AB1DDDEB0300EF6D58 /* Products */ = {
			isa = PBXGroup;
			children = (
				97ECA3AA1DDDEB0300EF6D58 /* TestesDemo.app */,
				97ECA3BE1DDDEB0300EF6D58 /* TestesDemoTests.xctest */,
				97ECA3C91DDDEB0300EF6D58 /* TestesDemoUITests.xctest */,
			);
			name = Products;
			sourceTree = "<group>";
		};
		97ECA3AC1DDDEB0300EF6D58 /* TestesDemo */ = {
			isa = PBXGroup;
			children = (
				97ECA3DB1DDDF07F00EF6D58 /* Model */,
				97ECA3AD1DDDEB0300EF6D58 /* AppDelegate.swift */,
				97ECA3AF1DDDEB0300EF6D58 /* ViewController.swift */,
				97ECA3B11DDDEB0300EF6D58 /* Main.storyboard */,
				97ECA3B41DDDEB0300EF6D58 /* Assets.xcassets */,
				97ECA3B61DDDEB0300EF6D58 /* LaunchScreen.storyboard */,
				97ECA3B91DDDEB0300EF6D58 /* Info.plist */,
			);
			path = TestesDemo;
			sourceTree = "<group>";
		};
		97ECA3C11DDDEB0300EF6D58 /* TestesDemoTests */ = {
			isa = PBXGroup;
			children = (
				97ECA3C21DDDEB0300EF6D58 /* TestesDemoTests.swift */,
				97ECA3C41DDDEB0300EF6D58 /* Info.plist */,
			);
			path = TestesDemoTests;
			sourceTree = "<group>";
		};
		97ECA3CC1DDDEB0300EF6D58 /* TestesDemoUITests */ = {
			isa = PBXGroup;
			children = (
				97ECA3CD1DDDEB0300EF6D58 /* TestesDemoUITests.swift */,
				97ECA3CF1DDDEB0300EF6D58 /* Info.plist */,
			);
			path = TestesDemoUITests;
			sourceTree = "<group>";
		};
		97ECA3DB1DDDF07F00EF6D58 /* Model */ = {
			isa = PBXGroup;
			children = (
				97781DA81DDE0CB40076B1D6 /* Manager.swift */,
				97781DAB1DDE0D040076B1D6 /* accounts.json */,
				97F06F861DDF18BC0013BE95 /* Account.swift */,
			);
			name = Model;
			sourceTree = "<group>";
		};
/* End PBXGroup section */

/* Begin PBXNativeTarget section */
		97ECA3A91DDDEB0300EF6D58 /* TestesDemo */ = {
			isa = PBXNativeTarget;
			buildConfigurationList = 97ECA3D21DDDEB0300EF6D58 /* Build configuration list for PBXNativeTarget "TestesDemo" */;
			buildPhases = (
				97ECA3A61DDDEB0300EF6D58 /* Sources */,
				97ECA3A71DDDEB0300EF6D58 /* Frameworks */,
				97ECA3A81DDDEB0300EF6D58 /* Resources */,
			);
			buildRules = (
			);
			dependencies = (
			);
			name = TestesDemo;
			productName = TestesDemo;
			productReference = 97ECA3AA1DDDEB0300EF6D58 /* TestesDemo.app */;
			productType = "com.apple.product-type.application";
		};
		97ECA3BD1DDDEB0300EF6D58 /* TestesDemoTests */ = {
			isa = PBXNativeTarget;
			buildConfigurationList = 97ECA3D51DDDEB0300EF6D58 /* Build configuration list for PBXNativeTarget "TestesDemoTests" */;
			buildPhases = (
				97ECA3BA1DDDEB0300EF6D58 /* Sources */,
				97ECA3BB1DDDEB0300EF6D58 /* Frameworks */,
				97ECA3BC1DDDEB0300EF6D58 /* Resources */,
			);
			buildRules = (
			);
			dependencies = (
				97ECA3C01DDDEB0300EF6D58 /* PBXTargetDependency */,
			);
			name = TestesDemoTests;
			productName = TestesDemoTests;
			productReference = 97ECA3BE1DDDEB0300EF6D58 /* TestesDemoTests.xctest */;
			productType = "com.apple.product-type.bundle.unit-test";
		};
		97ECA3C81DDDEB0300EF6D58 /* TestesDemoUITests */ = {
			isa = PBXNativeTarget;
			buildConfigurationList = 97ECA3D81DDDEB0300EF6D58 /* Build configuration list for PBXNativeTarget "TestesDemoUITests" */;
			buildPhases = (
				97ECA3C51DDDEB0300EF6D58 /* Sources */,
				97ECA3C61DDDEB0300EF6D58 /* Frameworks */,
				97ECA3C71DDDEB0300EF6D58 /* Resources */,
			);
			buildRules = (
			);
			dependencies = (
				97ECA3CB1DDDEB0300EF6D58 /* PBXTargetDependency */,
			);
			name = TestesDemoUITests;
			productName = TestesDemoUITests;
			productReference = 97ECA3C91DDDEB0300EF6D58 /* TestesDemoUITests.xctest */;
			productType = "com.apple.product-type.bundle.ui-testing";
		};
/* End PBXNativeTarget section */

/* Begin PBXProject section */
		97ECA3A21DDDEB0300EF6D58 /* Project object */ = {
			isa = PBXProject;
			attributes = {
				LastSwiftUpdateCheck = 0810;
				LastUpgradeCheck = 0810;
				ORGANIZATIONNAME = padrao;
				TargetAttributes = {
					97ECA3A91DDDEB0300EF6D58 = {
						CreatedOnToolsVersion = 8.1;
						DevelopmentTeam = 4XRA82V6CB;
						ProvisioningStyle = Automatic;
					};
					97ECA3BD1DDDEB0300EF6D58 = {
						CreatedOnToolsVersion = 8.1;
						DevelopmentTeam = 4XRA82V6CB;
						ProvisioningStyle = Automatic;
						TestTargetID = 97ECA3A91DDDEB0300EF6D58;
					};
					97ECA3C81DDDEB0300EF6D58 = {
						CreatedOnToolsVersion = 8.1;
						DevelopmentTeam = 4XRA82V6CB;
						ProvisioningStyle = Automatic;
						TestTargetID = 97ECA3A91DDDEB0300EF6D58;
					};
				};
			};
			buildConfigurationList = 97ECA3A51DDDEB0300EF6D58 /* Build configuration list for PBXProject "TestesDemo" */;
			compatibilityVersion = "Xcode 3.2";
			developmentRegion = English;
			hasScannedForEncodings = 0;
			knownRegions = (
				en,
				Base,
			);
			mainGroup = 97ECA3A11DDDEB0300EF6D58;
			productRefGroup = 97ECA3AB1DDDEB0300EF6D58 /* Products */;
			projectDirPath = "";
			projectRoot = "";
			targets = (
				97ECA3A91DDDEB0300EF6D58 /* TestesDemo */,
				97ECA3BD1DDDEB0300EF6D58 /* TestesDemoTests */,
				97ECA3C81DDDEB0300EF6D58 /* TestesDemoUITests */,
			);
		};
/* End PBXProject section */

/* Begin PBXResourcesBuildPhase section */
		97ECA3A81DDDEB0300EF6D58 /* Resources */ = {
			isa = PBXResourcesBuildPhase;
			buildActionMask = 2147483647;
			files = (
				97ECA3B81DDDEB0300EF6D58 /* LaunchScreen.storyboard in Resources */,
				97781DAC1DDE0D040076B1D6 /* accounts.json in Resources */,
				97ECA3B51DDDEB0300EF6D58 /* Assets.xcassets in Resources */,
				97ECA3B31DDDEB0300EF6D58 /* Main.storyboard in Resources */,
			);
			runOnlyForDeploymentPostprocessing = 0;
		};
		97ECA3BC1DDDEB0300EF6D58 /* Resources */ = {
			isa = PBXResourcesBuildPhase;
			buildActionMask = 2147483647;
			files = (
				97781DAD1DDE0D040076B1D6 /* accounts.json in Resources */,
			);
			runOnlyForDeploymentPostprocessing = 0;
		};
		97ECA3C71DDDEB0300EF6D58 /* Resources */ = {
			isa = PBXResourcesBuildPhase;
			buildActionMask = 2147483647;
			files = (
			);
			runOnlyForDeploymentPostprocessing = 0;
		};
/* End PBXResourcesBuildPhase section */

/* Begin PBXSourcesBuildPhase section */
		97ECA3A61DDDEB0300EF6D58 /* Sources */ = {
			isa = PBXSourcesBuildPhase;
			buildActionMask = 2147483647;
			files = (
				97ECA3B01DDDEB0300EF6D58 /* ViewController.swift in Sources */,
				97F06F871DDF18BC0013BE95 /* Account.swift in Sources */,
				97781DA91DDE0CB40076B1D6 /* Manager.swift in Sources */,
				97ECA3AE1DDDEB0300EF6D58 /* AppDelegate.swift in Sources */,
			);
			runOnlyForDeploymentPostprocessing = 0;
		};
		97ECA3BA1DDDEB0300EF6D58 /* Sources */ = {
			isa = PBXSourcesBuildPhase;
			buildActionMask = 2147483647;
			files = (
				97ECA3C31DDDEB0300EF6D58 /* TestesDemoTests.swift in Sources */,
				97781DAA1DDE0CB40076B1D6 /* Manager.swift in Sources */,
				97F06F881DDF18BC0013BE95 /* Account.swift in Sources */,
			);
			runOnlyForDeploymentPostprocessing = 0;
		};
		97ECA3C51DDDEB0300EF6D58 /* Sources */ = {
			isa = PBXSourcesBuildPhase;
			buildActionMask = 2147483647;
			files = (
				97ECA3CE1DDDEB0300EF6D58 /* TestesDemoUITests.swift in Sources */,
			);
			runOnlyForDeploymentPostprocessing = 0;
		};
/* End PBXSourcesBuildPhase section */

/* Begin PBXTargetDependency section */
		97ECA3C01DDDEB0300EF6D58 /* PBXTargetDependency */ = {
			isa = PBXTargetDependency;
			target = 97ECA3A91DDDEB0300EF6D58 /* TestesDemo */;
			targetProxy = 97ECA3BF1DDDEB0300EF6D58 /* PBXContainerItemProxy */;
		};
		97ECA3CB1DDDEB0300EF6D58 /* PBXTargetDependency */ = {
			isa = PBXTargetDependency;
			target = 97ECA3A91DDDEB0300EF6D58 /* TestesDemo */;
			targetProxy = 97ECA3CA1DDDEB0300EF6D58 /* PBXContainerItemProxy */;
		};
/* End PBXTargetDependency section */

/* Begin PBXVariantGroup section */
		97ECA3B11DDDEB0300EF6D58 /* Main.storyboard */ = {
			isa = PBXVariantGroup;
			children = (
				97ECA3B21DDDEB0300EF6D58 /* Base */,
			);
			name = Main.storyboard;
			sourceTree = "<group>";
		};
		97ECA3B61DDDEB0300EF6D58 /* LaunchScreen.storyboard */ = {
			isa = PBXVariantGroup;
			children = (
				97ECA3B71DDDEB0300EF6D58 /* Base */,
			);
			name = LaunchScreen.storyboard;
			sourceTree = "<group>";
		};
/* End PBXVariantGroup section */

/* Begin XCBuildConfiguration section */
		97ECA3D01DDDEB0300EF6D58 /* Debug */ = {
			isa = XCBuildConfiguration;
			buildSettings = {
				ALWAYS_SEARCH_USER_PATHS = NO;
				CLANG_ANALYZER_NONNULL = YES;
				CLANG_CXX_LANGUAGE_STANDARD = "gnu++0x";
				CLANG_CXX_LIBRARY = "libc++";
				CLANG_ENABLE_MODULES = YES;
				CLANG_ENABLE_OBJC_ARC = YES;
				CLANG_WARN_BOOL_CONVERSION = YES;
				CLANG_WARN_CONSTANT_CONVERSION = YES;
				CLANG_WARN_DIRECT_OBJC_ISA_USAGE = YES_ERROR;
				CLANG_WARN_DOCUMENTATION_COMMENTS = YES;
				CLANG_WARN_EMPTY_BODY = YES;
				CLANG_WARN_ENUM_CONVERSION = YES;
				CLANG_WARN_INFINITE_RECURSION = YES;
				CLANG_WARN_INT_CONVERSION = YES;
				CLANG_WARN_OBJC_ROOT_CLASS = YES_ERROR;
				CLANG_WARN_SUSPICIOUS_MOVES = YES;
				CLANG_WARN_UNREACHABLE_CODE = YES;
				CLANG_WARN__DUPLICATE_METHOD_MATCH = YES;
				"CODE_SIGN_IDENTITY[sdk=iphoneos*]" = "iPhone Developer";
				COPY_PHASE_STRIP = NO;
				DEBUG_INFORMATION_FORMAT = dwarf;
				ENABLE_STRICT_OBJC_MSGSEND = YES;
				ENABLE_TESTABILITY = YES;
				GCC_C_LANGUAGE_STANDARD = gnu99;
				GCC_DYNAMIC_NO_PIC = NO;
				GCC_NO_COMMON_BLOCKS = YES;
				GCC_OPTIMIZATION_LEVEL = 0;
				GCC_PREPROCESSOR_DEFINITIONS = (
					"DEBUG=1",
					"$(inherited)",
				);
				GCC_WARN_64_TO_32_BIT_CONVERSION = YES;
				GCC_WARN_ABOUT_RETURN_TYPE = YES_ERROR;
				GCC_WARN_UNDECLARED_SELECTOR = YES;
				GCC_WARN_UNINITIALIZED_AUTOS = YES_AGGRESSIVE;
				GCC_WARN_UNUSED_FUNCTION = YES;
				GCC_WARN_UNUSED_VARIABLE = YES;
				IPHONEOS_DEPLOYMENT_TARGET = 10.1;
				MTL_ENABLE_DEBUG_INFO = YES;
				ONLY_ACTIVE_ARCH = YES;
				SDKROOT = iphoneos;
				SWIFT_ACTIVE_COMPILATION_CONDITIONS = DEBUG;
				SWIFT_OPTIMIZATION_LEVEL = "-Onone";
				TARGETED_DEVICE_FAMILY = "1,2";
			};
			name = Debug;
		};
		97ECA3D11DDDEB0300EF6D58 /* Release */ = {
			isa = XCBuildConfiguration;
			buildSettings = {
				ALWAYS_SEARCH_USER_PATHS = NO;
				CLANG_ANALYZER_NONNULL = YES;
				CLANG_CXX_LANGUAGE_STANDARD = "gnu++0x";
				CLANG_CXX_LIBRARY = "libc++";
				CLANG_ENABLE_MODULES = YES;
				CLANG_ENABLE_OBJC_ARC = YES;
				CLANG_WARN_BOOL_CONVERSION = YES;
				CLANG_WARN_CONSTANT_CONVERSION = YES;
				CLANG_WARN_DIRECT_OBJC_ISA_USAGE = YES_ERROR;
				CLANG_WARN_DOCUMENTATION_COMMENTS = YES;
				CLANG_WARN_EMPTY_BODY = YES;
				CLANG_WARN_ENUM_CONVERSION = YES;
				CLANG_WARN_INFINITE_RECURSION = YES;
				CLANG_WARN_INT_CONVERSION = YES;
				CLANG_WARN_OBJC_ROOT_CLASS = YES_ERROR;
				CLANG_WARN_SUSPICIOUS_MOVES = YES;
				CLANG_WARN_UNREACHABLE_CODE = YES;
				CLANG_WARN__DUPLICATE_METHOD_MATCH = YES;
				"CODE_SIGN_IDENTITY[sdk=iphoneos*]" = "iPhone Developer";
				COPY_PHASE_STRIP = NO;
				DEBUG_INFORMATION_FORMAT = "dwarf-with-dsym";
				ENABLE_NS_ASSERTIONS = NO;
				ENABLE_STRICT_OBJC_MSGSEND = YES;
				GCC_C_LANGUAGE_STANDARD = gnu99;
				GCC_NO_COMMON_BLOCKS = YES;
				GCC_WARN_64_TO_32_BIT_CONVERSION = YES;
				GCC_WARN_ABOUT_RETURN_TYPE = YES_ERROR;
				GCC_WARN_UNDECLARED_SELECTOR = YES;
				GCC_WARN_UNINITIALIZED_AUTOS = YES_AGGRESSIVE;
				GCC_WARN_UNUSED_FUNCTION = YES;
				GCC_WARN_UNUSED_VARIABLE = YES;
				IPHONEOS_DEPLOYMENT_TARGET = 10.1;
				MTL_ENABLE_DEBUG_INFO = NO;
				SDKROOT = iphoneos;
				SWIFT_OPTIMIZATION_LEVEL = "-Owholemodule";
				TARGETED_DEVICE_FAMILY = "1,2";
				VALIDATE_PRODUCT = YES;
			};
			name = Release;
		};
		97ECA3D31DDDEB0300EF6D58 /* Debug */ = {
			isa = XCBuildConfiguration;
			buildSettings = {
				ASSETCATALOG_COMPILER_APPICON_NAME = AppIcon;
				DEVELOPMENT_TEAM = 4XRA82V6CB;
				INFOPLIST_FILE = TestesDemo/Info.plist;
				LD_RUNPATH_SEARCH_PATHS = "$(inherited) @executable_path/Frameworks";
				PRODUCT_BUNDLE_IDENTIFIER = br.com.bergmpe.TestesDemo;
				PRODUCT_NAME = "$(TARGET_NAME)";
				SWIFT_VERSION = 3.0;
			};
			name = Debug;
		};
		97ECA3D41DDDEB0300EF6D58 /* Release */ = {
			isa = XCBuildConfiguration;
			buildSettings = {
				ASSETCATALOG_COMPILER_APPICON_NAME = AppIcon;
				DEVELOPMENT_TEAM = 4XRA82V6CB;
				INFOPLIST_FILE = TestesDemo/Info.plist;
				LD_RUNPATH_SEARCH_PATHS = "$(inherited) @executable_path/Frameworks";
				PRODUCT_BUNDLE_IDENTIFIER = br.com.bergmpe.TestesDemo;
				PRODUCT_NAME = "$(TARGET_NAME)";
				SWIFT_VERSION = 3.0;
			};
			name = Release;
		};
		97ECA3D61DDDEB0300EF6D58 /* Debug */ = {
			isa = XCBuildConfiguration;
			buildSettings = {
				ALWAYS_EMBED_SWIFT_STANDARD_LIBRARIES = YES;
				BUNDLE_LOADER = "$(TEST_HOST)";
				DEVELOPMENT_TEAM = 4XRA82V6CB;
				INFOPLIST_FILE = TestesDemoTests/Info.plist;
				LD_RUNPATH_SEARCH_PATHS = "$(inherited) @executable_path/Frameworks @loader_path/Frameworks";
				PRODUCT_BUNDLE_IDENTIFIER = br.com.bergmpe.TestesDemoTests;
				PRODUCT_NAME = "$(TARGET_NAME)";
				SWIFT_VERSION = 3.0;
				TEST_HOST = "$(BUILT_PRODUCTS_DIR)/TestesDemo.app/TestesDemo";
			};
			name = Debug;
		};
		97ECA3D71DDDEB0300EF6D58 /* Release */ = {
			isa = XCBuildConfiguration;
			buildSettings = {
				ALWAYS_EMBED_SWIFT_STANDARD_LIBRARIES = YES;
				BUNDLE_LOADER = "$(TEST_HOST)";
				DEVELOPMENT_TEAM = 4XRA82V6CB;
				INFOPLIST_FILE = TestesDemoTests/Info.plist;
				LD_RUNPATH_SEARCH_PATHS = "$(inherited) @executable_path/Frameworks @loader_path/Frameworks";
				PRODUCT_BUNDLE_IDENTIFIER = br.com.bergmpe.TestesDemoTests;
				PRODUCT_NAME = "$(TARGET_NAME)";
				SWIFT_VERSION = 3.0;
				TEST_HOST = "$(BUILT_PRODUCTS_DIR)/TestesDemo.app/TestesDemo";
			};
			name = Release;
		};
		97ECA3D91DDDEB0300EF6D58 /* Debug */ = {
			isa = XCBuildConfiguration;
			buildSettings = {
				ALWAYS_EMBED_SWIFT_STANDARD_LIBRARIES = YES;
				DEVELOPMENT_TEAM = 4XRA82V6CB;
				INFOPLIST_FILE = TestesDemoUITests/Info.plist;
				LD_RUNPATH_SEARCH_PATHS = "$(inherited) @executable_path/Frameworks @loader_path/Frameworks";
				PRODUCT_BUNDLE_IDENTIFIER = br.com.bergmpe.TestesDemoUITests;
				PRODUCT_NAME = "$(TARGET_NAME)";
				SWIFT_VERSION = 3.0;
				TEST_TARGET_NAME = TestesDemo;
			};
			name = Debug;
		};
		97ECA3DA1DDDEB0300EF6D58 /* Release */ = {
			isa = XCBuildConfiguration;
			buildSettings = {
				ALWAYS_EMBED_SWIFT_STANDARD_LIBRARIES = YES;
				DEVELOPMENT_TEAM = 4XRA82V6CB;
				INFOPLIST_FILE = TestesDemoUITests/Info.plist;
				LD_RUNPATH_SEARCH_PATHS = "$(inherited) @executable_path/Frameworks @loader_path/Frameworks";
				PRODUCT_BUNDLE_IDENTIFIER = br.com.bergmpe.TestesDemoUITests;
				PRODUCT_NAME = "$(TARGET_NAME)";
				SWIFT_VERSION = 3.0;
				TEST_TARGET_NAME = TestesDemo;
			};
			name = Release;
		};
/* End XCBuildConfiguration section */

/* Begin XCConfigurationList section */
		97ECA3A51DDDEB0300EF6D58 /* Build configuration list for PBXProject "TestesDemo" */ = {
			isa = XCConfigurationList;
			buildConfigurations = (
				97ECA3D01DDDEB0300EF6D58 /* Debug */,
				97ECA3D11DDDEB0300EF6D58 /* Release */,
			);
			defaultConfigurationIsVisible = 0;
			defaultConfigurationName = Release;
		};
		97ECA3D21DDDEB0300EF6D58 /* Build configuration list for PBXNativeTarget "TestesDemo" */ = {
			isa = XCConfigurationList;
			buildConfigurations = (
				97ECA3D31DDDEB0300EF6D58 /* Debug */,
				97ECA3D41DDDEB0300EF6D58 /* Release */,
			);
			defaultConfigurationIsVisible = 0;
			defaultConfigurationName = Release;
		};
		97ECA3D51DDDEB0300EF6D58 /* Build configuration list for PBXNativeTarget "TestesDemoTests" */ = {
			isa = XCConfigurationList;
			buildConfigurations = (
				97ECA3D61DDDEB0300EF6D58 /* Debug */,
				97ECA3D71DDDEB0300EF6D58 /* Release */,
			);
			defaultConfigurationIsVisible = 0;
			defaultConfigurationName = Release;
		};
		97ECA3D81DDDEB0300EF6D58 /* Build configuration list for PBXNativeTarget "TestesDemoUITests" */ = {
			isa = XCConfigurationList;
			buildConfigurations = (
				97ECA3D91DDDEB0300EF6D58 /* Debug */,
				97ECA3DA1DDDEB0300EF6D58 /* Release */,
			);
			defaultConfigurationIsVisible = 0;
			defaultConfigurationName = Release;
		};
/* End XCConfigurationList section */
	};
	rootObject = 97ECA3A21DDDEB0300EF6D58 /* Project object */;
}
